Microsoft Visual Studio Solution File, Format Version 12.00
# Visual Studio Version 17
VisualStudioVersion = 17.5.2.0
MinimumVisualStudioVersion = 10.0.40219.1
Project("{FAE04EC0-301F-11D3-BF4B-00C04F79EFBC}") = "file-sync", "src\file-sync.csproj", "{30C6E211-3CCC-05AD-F3D0-EE677B2A44F1}"
EndProject
Global
	GlobalSection(SolutionConfigurationPlatforms) = preSolution
		Debug|Any CPU = Debug|Any CPU
		Release|Any CPU = Release|Any CPU
	EndGlobalSection
	GlobalSection(ProjectConfigurationPlatforms) = postSolution
		{30C6E211-3CCC-05AD-F3D0-EE677B2A44F1}.Debug|Any CPU.ActiveCfg = Debug|Any CPU
		{30C6E211-3CCC-05AD-F3D0-EE677B2A44F1}.Debug|Any CPU.Build.0 = Debug|Any CPU
		{30C6E211-3CCC-05AD-F3D0-EE677B2A44F1}.Release|Any CPU.ActiveCfg = Release|Any CPU
		{30C6E211-3CCC-05AD-F3D0-EE677B2A44F1}.Release|Any CPU.Build.0 = Release|Any CPU
	EndGlobalSection
	GlobalSection(SolutionProperties) = preSolution
		HideSolutionNode = FALSE
	EndGlobalSection
	GlobalSection(ExtensibilityGlobals) = postSolution
		SolutionGuid = {0734F87D-6C5B-4C35-8778-D74E4C53F92B}
	EndGlobalSection
EndGlobal
